
Microsoft Visual Studio Solution File, Format Version 11.00
# Visual Studio 2010
Project("{FAE04EC0-301F-11D3-BF4B-00C04F79EFBC}") = "englishsnsVS10", "englishsnsVS10\englishsnsVS10.csproj", "{AB60C248-EC33-4715-B7C5-D2E0DA952C20}"
EndProject
Project("{FAE04EC0-301F-11D3-BF4B-00C04F79EFBC}") = "englishsnsVS10.Tests", "englishsnsVS10.Tests\englishsnsVS10.Tests.csproj", "{47D11FA2-5AEE-4834-A659-278D2A2C0480}"
EndProject
Global
	GlobalSection(SolutionConfigurationPlatforms) = preSolution
		Debug|Any CPU = Debug|Any CPU
		Release|Any CPU = Release|Any CPU
	EndGlobalSection
	GlobalSection(ProjectConfigurationPlatforms) = postSolution
		{AB60C248-EC33-4715-B7C5-D2E0DA952C20}.Debug|Any CPU.ActiveCfg = Debug|Any CPU
		{AB60C248-EC33-4715-B7C5-D2E0DA952C20}.Debug|Any CPU.Build.0 = Debug|Any CPU
		{AB60C248-EC33-4715-B7C5-D2E0DA952C20}.Release|Any CPU.ActiveCfg = Release|Any CPU
		{AB60C248-EC33-4715-B7C5-D2E0DA952C20}.Release|Any CPU.Build.0 = Release|Any CPU
		{47D11FA2-5AEE-4834-A659-278D2A2C0480}.Debug|Any CPU.ActiveCfg = Debug|Any CPU
		{47D11FA2-5AEE-4834-A659-278D2A2C0480}.Debug|Any CPU.Build.0 = Debug|Any CPU
		{47D11FA2-5AEE-4834-A659-278D2A2C0480}.Release|Any CPU.ActiveCfg = Release|Any CPU
		{47D11FA2-5AEE-4834-A659-278D2A2C0480}.Release|Any CPU.Build.0 = Release|Any CPU
	EndGlobalSection
	GlobalSection(SolutionProperties) = preSolution
		HideSolutionNode = FALSE
	EndGlobalSection
EndGlobal
